
Microsoft Visual Studio Solution File, Format Version 12.00
# Visual Studio 15
VisualStudioVersion = 15.0.27703.2042
MinimumVisualStudioVersion = 10.0.40219.1
Project("{FAE04EC0-301F-11D3-BF4B-00C04F79EFBC}") = "test3", "test3\test3.csproj", "{6EBD6405-2FA9-40E4-8F8A-66E153D51ABB}"
EndProject
Global
	GlobalSection(SolutionConfigurationPlatforms) = preSolution
		Debug|Any CPU = Debug|Any CPU
		Release|Any CPU = Release|Any CPU
	EndGlobalSection
	GlobalSection(ProjectConfigurationPlatforms) = postSolution
		{6EBD6405-2FA9-40E4-8F8A-66E153D51ABB}.Debug|Any CPU.ActiveCfg = Debug|Any CPU
		{6EBD6405-2FA9-40E4-8F8A-66E153D51ABB}.Debug|Any CPU.Build.0 = Debug|Any CPU
		{6EBD6405-2FA9-40E4-8F8A-66E153D51ABB}.Release|Any CPU.ActiveCfg = Release|Any CPU
		{6EBD6405-2FA9-40E4-8F8A-66E153D51ABB}.Release|Any CPU.Build.0 = Release|Any CPU
	EndGlobalSection
	GlobalSection(SolutionProperties) = preSolution
		HideSolutionNode = FALSE
	EndGlobalSection
	GlobalSection(ExtensibilityGlobals) = postSolution
		SolutionGuid = {C394E336-36A6-48D4-9D0E-DFEC95194A29}
	EndGlobalSection
EndGlobal
